
Microsoft Visual Studio Solution File, Format Version 12.00
# Visual Studio Version 16
VisualStudioVersion = 16.0.31129.286
MinimumVisualStudioVersion = 10.0.40219.1
Project("{FAE04EC0-301F-11D3-BF4B-00C04F79EFBC}") = "MvcPorject", "MvcPorject\MvcPorject.csproj", "{9D872B28-1EEA-41A0-8B36-85040C657ED2}"
EndProject
Project("{FAE04EC0-301F-11D3-BF4B-00C04F79EFBC}") = "EntityLayer", "EntityLayer\EntityLayer.csproj", "{2C193A47-F8C7-48B9-B7BE-3959E3F48141}"
EndProject
Project("{FAE04EC0-301F-11D3-BF4B-00C04F79EFBC}") = "DataAccessLibrary", "DataAccessLibrary\DataAccessLibrary.csproj", "{EAFB7D56-87F0-4FC4-9CA6-93B67EE6ACAD}"
EndProject
Project("{FAE04EC0-301F-11D3-BF4B-00C04F79EFBC}") = "BusinessLibrary", "BusinessLibrary\BusinessLibrary.csproj", "{24290F54-AB1E-4AF7-961C-7FD5A290E27B}"
EndProject
Global
	GlobalSection(SolutionConfigurationPlatforms) = preSolution
		Debug|Any CPU = Debug|Any CPU
		Release|Any CPU = Release|Any CPU
	EndGlobalSection
	GlobalSection(ProjectConfigurationPlatforms) = postSolution
		{9D872B28-1EEA-41A0-8B36-85040C657ED2}.Debug|Any CPU.ActiveCfg = Debug|Any CPU
		{9D872B28-1EEA-41A0-8B36-85040C657ED2}.Debug|Any CPU.Build.0 = Debug|Any CPU
		{9D872B28-1EEA-41A0-8B36-85040C657ED2}.Release|Any CPU.ActiveCfg = Release|Any CPU
		{9D872B28-1EEA-41A0-8B36-85040C657ED2}.Release|Any CPU.Build.0 = Release|Any CPU
		{2C193A47-F8C7-48B9-B7BE-3959E3F48141}.Debug|Any CPU.ActiveCfg = Debug|Any CPU
		{2C193A47-F8C7-48B9-B7BE-3959E3F48141}.Debug|Any CPU.Build.0 = Debug|Any CPU
		{2C193A47-F8C7-48B9-B7BE-3959E3F48141}.Release|Any CPU.ActiveCfg = Release|Any CPU
		{2C193A47-F8C7-48B9-B7BE-3959E3F48141}.Release|Any CPU.Build.0 = Release|Any CPU
		{EAFB7D56-87F0-4FC4-9CA6-93B67EE6ACAD}.Debug|Any CPU.ActiveCfg = Debug|Any CPU
		{EAFB7D56-87F0-4FC4-9CA6-93B67EE6ACAD}.Debug|Any CPU.Build.0 = Debug|Any CPU
		{EAFB7D56-87F0-4FC4-9CA6-93B67EE6ACAD}.Release|Any CPU.ActiveCfg = Release|Any CPU
		{EAFB7D56-87F0-4FC4-9CA6-93B67EE6ACAD}.Release|Any CPU.Build.0 = Release|Any CPU
		{24290F54-AB1E-4AF7-961C-7FD5A290E27B}.Debug|Any CPU.ActiveCfg = Debug|Any CPU
		{24290F54-AB1E-4AF7-961C-7FD5A290E27B}.Debug|Any CPU.Build.0 = Debug|Any CPU
		{24290F54-AB1E-4AF7-961C-7FD5A290E27B}.Release|Any CPU.ActiveCfg = Release|Any CPU
		{24290F54-AB1E-4AF7-961C-7FD5A290E27B}.Release|Any CPU.Build.0 = Release|Any CPU
	EndGlobalSection
	GlobalSection(SolutionProperties) = preSolution
		HideSolutionNode = FALSE
	EndGlobalSection
	GlobalSection(ExtensibilityGlobals) = postSolution
		SolutionGuid = {C72432D3-8E6B-44F3-801D-16FE243F1083}
	EndGlobalSection
EndGlobal
